
Microsoft Visual Studio Solution File, Format Version 12.00
# Visual Studio Version 16
VisualStudioVersion = 16.0.29306.81
MinimumVisualStudioVersion = 10.0.40219.1
Project("{9A19103F-16F7-4668-BE54-9A1E7A4F7556}") = "OdeToFood", "OdeToFood.csproj", "{4DB4CDBE-F50A-47A2-98E5-05D4A81F2421}"
EndProject
Global
	GlobalSection(SolutionConfigurationPlatforms) = preSolution
		Debug|Any CPU = Debug|Any CPU
		Release|Any CPU = Release|Any CPU
	EndGlobalSection
	GlobalSection(ProjectConfigurationPlatforms) = postSolution
		{4DB4CDBE-F50A-47A2-98E5-05D4A81F2421}.Debug|Any CPU.ActiveCfg = Debug|Any CPU
		{4DB4CDBE-F50A-47A2-98E5-05D4A81F2421}.Debug|Any CPU.Build.0 = Debug|Any CPU
		{4DB4CDBE-F50A-47A2-98E5-05D4A81F2421}.Release|Any CPU.ActiveCfg = Release|Any CPU
		{4DB4CDBE-F50A-47A2-98E5-05D4A81F2421}.Release|Any CPU.Build.0 = Release|Any CPU
	EndGlobalSection
	GlobalSection(SolutionProperties) = preSolution
		HideSolutionNode = FALSE
	EndGlobalSection
	GlobalSection(ExtensibilityGlobals) = postSolution
		SolutionGuid = {4AC02FE7-103D-4C4B-80B3-040A362DF0E3}
	EndGlobalSection
EndGlobal
